// !$*UTF8*$!
{
	archiveVersion = 1;
	classes = {
	};
	objectVersion = 51;
	objects = {

/* Begin PBXBuildFile section */
		65005974258E1FB400FF6E14 /* AppDelegate.swift in Sources */ = {isa = PBXBuildFile; fileRef = 65005973258E1FB400FF6E14 /* AppDelegate.swift */; };
		6500597D258E1FB600FF6E14 /* Assets.xcassets in Resources */ = {isa = PBXBuildFile; fileRef = 6500597C258E1FB600FF6E14 /* Assets.xcassets */; };
		65005980258E1FB600FF6E14 /* LaunchScreen.storyboard in Resources */ = {isa = PBXBuildFile; fileRef = 6500597E258E1FB600FF6E14 /* LaunchScreen.storyboard */; };
		65005998258E264100FF6E14 /* Coordinator.swift in Sources */ = {isa = PBXBuildFile; fileRef = 65005997258E264100FF6E14 /* Coordinator.swift */; };
		6500599F258E271C00FF6E14 /* MainTabController.swift in Sources */ = {isa = PBXBuildFile; fileRef = 6500599E258E271C00FF6E14 /* MainTabController.swift */; };
		650059A5258E277400FF6E14 /* MainTabCoordinator.swift in Sources */ = {isa = PBXBuildFile; fileRef = 650059A4258E277400FF6E14 /* MainTabCoordinator.swift */; };
		650059A8258E27AB00FF6E14 /* SearchCoordinator.swift in Sources */ = {isa = PBXBuildFile; fileRef = 650059A7258E27AB00FF6E14 /* SearchCoordinator.swift */; };
		650059AB258E27B500FF6E14 /* ProfileCoordinator.swift in Sources */ = {isa = PBXBuildFile; fileRef = 650059AA258E27B500FF6E14 /* ProfileCoordinator.swift */; };
		650059AE258E27C400FF6E14 /* SearchViewController.swift in Sources */ = {isa = PBXBuildFile; fileRef = 650059AD258E27C400FF6E14 /* SearchViewController.swift */; };
		650059B1258E27CF00FF6E14 /* ProfileViewController.swift in Sources */ = {isa = PBXBuildFile; fileRef = 650059B0258E27CF00FF6E14 /* ProfileViewController.swift */; };
		650059B4258E27EA00FF6E14 /* AppCoordinator.swift in Sources */ = {isa = PBXBuildFile; fileRef = 650059B3258E27EA00FF6E14 /* AppCoordinator.swift */; };
		655D662C258E40D000E6F624 /* avatar.jpg in Resources */ = {isa = PBXBuildFile; fileRef = 655D662B258E40D000E6F624 /* avatar.jpg */; };
		655D6632258E45F000E6F624 /* FlickrPhoto.swift in Sources */ = {isa = PBXBuildFile; fileRef = 655D6631258E45F000E6F624 /* FlickrPhoto.swift */; };
		655D6639258E5E3800E6F624 /* SearchListViewModel.swift in Sources */ = {isa = PBXBuildFile; fileRef = 655D6638258E5E3800E6F624 /* SearchListViewModel.swift */; };
		655D663D258EB23C00E6F624 /* FlickrPhotoCell.swift in Sources */ = {isa = PBXBuildFile; fileRef = 655D663C258EB23C00E6F624 /* FlickrPhotoCell.swift */; };
		655D6642258EBC4400E6F624 /* SearchResult.swift in Sources */ = {isa = PBXBuildFile; fileRef = 655D6641258EBC4400E6F624 /* SearchResult.swift */; };
		655D6646258EBC4D00E6F624 /* SearchGroup.swift in Sources */ = {isa = PBXBuildFile; fileRef = 655D6645258EBC4D00E6F624 /* SearchGroup.swift */; };
		655D6649258EBE2F00E6F624 /* DetailsViewController.swift in Sources */ = {isa = PBXBuildFile; fileRef = 655D6648258EBE2F00E6F624 /* DetailsViewController.swift */; };
		655D664C258EBF8100E6F624 /* SearchResultViewModel.swift in Sources */ = {isa = PBXBuildFile; fileRef = 655D664B258EBF8100E6F624 /* SearchResultViewModel.swift */; };
		655D6650258EBFDC00E6F624 /* WebService.swift in Sources */ = {isa = PBXBuildFile; fileRef = 655D664F258EBFDC00E6F624 /* WebService.swift */; };
		655D665D258F7DCA00E6F624 /* Dynamic.swift in Sources */ = {isa = PBXBuildFile; fileRef = 655D665C258F7DCA00E6F624 /* Dynamic.swift */; };
		655D6661258F810A00E6F624 /* Throttler.swift in Sources */ = {isa = PBXBuildFile; fileRef = 655D6660258F810A00E6F624 /* Throttler.swift */; };
		655D667B258FA7D300E6F624 /* ImageService.swift in Sources */ = {isa = PBXBuildFile; fileRef = 655D667A258FA7D300E6F624 /* ImageService.swift */; };
		655D667E258FA86900E6F624 /* UrlRequest.swift in Sources */ = {isa = PBXBuildFile; fileRef = 655D667D258FA86900E6F624 /* UrlRequest.swift */; };
		655D66AD2590FD8500E6F624 /* README.md in Resources */ = {isa = PBXBuildFile; fileRef = 655D66AC2590FD8500E6F624 /* README.md */; };
		655D66B5259129EB00E6F624 /* example.gif in Resources */ = {isa = PBXBuildFile; fileRef = 655D66B4259129EB00E6F624 /* example.gif */; };
		65C9CA6826024468007F8D14 /* mvvm_flickr_autolayoutTests.swift in Sources */ = {isa = PBXBuildFile; fileRef = 65C9CA6726024468007F8D14 /* mvvm_flickr_autolayoutTests.swift */; };
		65C9CA7B26024527007F8D14 /* Data.json in Resources */ = {isa = PBXBuildFile; fileRef = 65C9CA7A26024527007F8D14 /* Data.json */; };
		65C9CA832602452C007F8D14 /* SearchGroupTests.swift in Sources */ = {isa = PBXBuildFile; fileRef = 65C9CA822602452C007F8D14 /* SearchGroupTests.swift */; };
		65C9CA8B26024533007F8D14 /* SearchResultTests.swift in Sources */ = {isa = PBXBuildFile; fileRef = 65C9CA8A26024533007F8D14 /* SearchResultTests.swift */; };
		65C9CA9326024540007F8D14 /* WebServiceTests.swift in Sources */ = {isa = PBXBuildFile; fileRef = 65C9CA9226024540007F8D14 /* WebServiceTests.swift */; };
		65C9CAA626024D55007F8D14 /* ThrottlerTests.swift in Sources */ = {isa = PBXBuildFile; fileRef = 65C9CAA526024D55007F8D14 /* ThrottlerTests.swift */; };
		65C9CAAB260259B6007F8D14 /* ImageServiceTests.swift in Sources */ = {isa = PBXBuildFile; fileRef = 65C9CAAA260259B6007F8D14 /* ImageServiceTests.swift */; };
		65FE93482602011B00402D26 /* AccessibilityIdentifiers.swift in Sources */ = {isa = PBXBuildFile; fileRef = 65FE93472602011B00402D26 /* AccessibilityIdentifiers.swift */; };
		65FE93522602023900402D26 /* mvvm_flickr_autolayoutUITests.swift in Sources */ = {isa = PBXBuildFile; fileRef = 65FE93512602023900402D26 /* mvvm_flickr_autolayoutUITests.swift */; };
		65FE935B2602034200402D26 /* AccessibilityIdentifiers.swift in Sources */ = {isa = PBXBuildFile; fileRef = 65FE93472602011B00402D26 /* AccessibilityIdentifiers.swift */; };
		FBA634BCD6D77BB59F55A53B /* Pods_mvvm_flickr_autolayout.framework in Frameworks */ = {isa = PBXBuildFile; fileRef = 666E08BF211016B497995CF8 /* Pods_mvvm_flickr_autolayout.framework */; };
/* End PBXBuildFile section */

/* Begin PBXContainerItemProxy section */
		65C9CA6A26024468007F8D14 /* PBXContainerItemProxy */ = {
			isa = PBXContainerItemProxy;
			containerPortal = 65005968258E1FB400FF6E14 /* Project object */;
			proxyType = 1;
			remoteGlobalIDString = 6500596F258E1FB400FF6E14;
			remoteInfo = "mvvm-flickr-autolayout";
		};
		65FE93542602023900402D26 /* PBXContainerItemProxy */ = {
			isa = PBXContainerItemProxy;
			containerPortal = 65005968258E1FB400FF6E14 /* Project object */;
			proxyType = 1;
			remoteGlobalIDString = 6500596F258E1FB400FF6E14;
			remoteInfo = "mvvm-flickr-autolayout";
		};
/* End PBXContainerItemProxy section */

/* Begin PBXFileReference section */
		65005970258E1FB400FF6E14 /* mvvm-flickr-autolayout.app */ = {isa = PBXFileReference; explicitFileType = wrapper.application; includeInIndex = 0; path = "mvvm-flickr-autolayout.app"; sourceTree = BUILT_PRODUCTS_DIR; };
		65005973258E1FB400FF6E14 /* AppDelegate.swift */ = {isa = PBXFileReference; lastKnownFileType = sourcecode.swift; path = AppDelegate.swift; sourceTree = "<group>"; };
		6500597C258E1FB600FF6E14 /* Assets.xcassets */ = {isa = PBXFileReference; lastKnownFileType = folder.assetcatalog; path = Assets.xcassets; sourceTree = "<group>"; };
		6500597F258E1FB600FF6E14 /* Base */ = {isa = PBXFileReference; lastKnownFileType = file.storyboard; name = Base; path = Base.lproj/LaunchScreen.storyboard; sourceTree = "<group>"; };
		65005981258E1FB600FF6E14 /* Info.plist */ = {isa = PBXFileReference; lastKnownFileType = text.plist.xml; path = Info.plist; sourceTree = "<group>"; };
		65005997258E264100FF6E14 /* Coordinator.swift */ = {isa = PBXFileReference; lastKnownFileType = sourcecode.swift; path = Coordinator.swift; sourceTree = "<group>"; };
		6500599E258E271C00FF6E14 /* MainTabController.swift */ = {isa = PBXFileReference; lastKnownFileType = sourcecode.swift; path = MainTabController.swift; sourceTree = "<group>"; };
		650059A4258E277400FF6E14 /* MainTabCoordinator.swift */ = {isa = PBXFileReference; lastKnownFileType = sourcecode.swift; path = MainTabCoordinator.swift; sourceTree = "<group>"; };
		650059A7258E27AB00FF6E14 /* SearchCoordinator.swift */ = {isa = PBXFileReference; lastKnownFileType = sourcecode.swift; path = SearchCoordinator.swift; sourceTree = "<group>"; };
		650059AA258E27B500FF6E14 /* ProfileCoordinator.swift */ = {isa = PBXFileReference; lastKnownFileType = sourcecode.swift; path = ProfileCoordinator.swift; sourceTree = "<group>"; };
		650059AD258E27C400FF6E14 /* SearchViewController.swift */ = {isa = PBXFileReference; lastKnownFileType = sourcecode.swift; path = SearchViewController.swift; sourceTree = "<group>"; };
		650059B0258E27CF00FF6E14 /* ProfileViewController.swift */ = {isa = PBXFileReference; lastKnownFileType = sourcecode.swift; path = ProfileViewController.swift; sourceTree = "<group>"; };
		650059B3258E27EA00FF6E14 /* AppCoordinator.swift */ = {isa = PBXFileReference; lastKnownFileType = sourcecode.swift; path = AppCoordinator.swift; sourceTree = "<group>"; };
		655D662B258E40D000E6F624 /* avatar.jpg */ = {isa = PBXFileReference; lastKnownFileType = image.jpeg; name = avatar.jpg; path = "mvvm-flickr-autolayout/avatar.jpg"; sourceTree = SOURCE_ROOT; };
		655D6631258E45F000E6F624 /* FlickrPhoto.swift */ = {isa = PBXFileReference; lastKnownFileType = sourcecode.swift; path = FlickrPhoto.swift; sourceTree = "<group>"; };
		655D6638258E5E3800E6F624 /* SearchListViewModel.swift */ = {isa = PBXFileReference; lastKnownFileType = sourcecode.swift; path = SearchListViewModel.swift; sourceTree = "<group>"; };
		655D663C258EB23C00E6F624 /* FlickrPhotoCell.swift */ = {isa = PBXFileReference; lastKnownFileType = sourcecode.swift; path = FlickrPhotoCell.swift; sourceTree = "<group>"; };
		655D6641258EBC4400E6F624 /* SearchResult.swift */ = {isa = PBXFileReference; lastKnownFileType = sourcecode.swift; path = SearchResult.swift; sourceTree = "<group>"; };
		655D6645258EBC4D00E6F624 /* SearchGroup.swift */ = {isa = PBXFileReference; lastKnownFileType = sourcecode.swift; path = SearchGroup.swift; sourceTree = "<group>"; };
		655D6648258EBE2F00E6F624 /* DetailsViewController.swift */ = {isa = PBXFileReference; lastKnownFileType = sourcecode.swift; path = DetailsViewController.swift; sourceTree = "<group>"; };
		655D664B258EBF8100E6F624 /* SearchResultViewModel.swift */ = {isa = PBXFileReference; lastKnownFileType = sourcecode.swift; path = SearchResultViewModel.swift; sourceTree = "<group>"; };
		655D664F258EBFDC00E6F624 /* WebService.swift */ = {isa = PBXFileReference; lastKnownFileType = sourcecode.swift; path = WebService.swift; sourceTree = "<group>"; };
		655D665C258F7DCA00E6F624 /* Dynamic.swift */ = {isa = PBXFileReference; lastKnownFileType = sourcecode.swift; path = Dynamic.swift; sourceTree = "<group>"; };
		655D6660258F810A00E6F624 /* Throttler.swift */ = {isa = PBXFileReference; lastKnownFileType = sourcecode.swift; path = Throttler.swift; sourceTree = "<group>"; };
		655D667A258FA7D300E6F624 /* ImageService.swift */ = {isa = PBXFileReference; lastKnownFileType = sourcecode.swift; path = ImageService.swift; sourceTree = "<group>"; };
		655D667D258FA86900E6F624 /* UrlRequest.swift */ = {isa = PBXFileReference; lastKnownFileType = sourcecode.swift; path = UrlRequest.swift; sourceTree = "<group>"; };
		655D66AC2590FD8500E6F624 /* README.md */ = {isa = PBXFileReference; fileEncoding = 4; lastKnownFileType = net.daringfireball.markdown; path = README.md; sourceTree = SOURCE_ROOT; };
		655D66B4259129EB00E6F624 /* example.gif */ = {isa = PBXFileReference; lastKnownFileType = image.gif; path = example.gif; sourceTree = "<group>"; };
		65C9CA6526024468007F8D14 /* mvvm-flickr-autolayoutTests.xctest */ = {isa = PBXFileReference; explicitFileType = wrapper.cfbundle; includeInIndex = 0; path = "mvvm-flickr-autolayoutTests.xctest"; sourceTree = BUILT_PRODUCTS_DIR; };
		65C9CA6726024468007F8D14 /* mvvm_flickr_autolayoutTests.swift */ = {isa = PBXFileReference; lastKnownFileType = sourcecode.swift; path = mvvm_flickr_autolayoutTests.swift; sourceTree = "<group>"; };
		65C9CA6926024468007F8D14 /* Info.plist */ = {isa = PBXFileReference; lastKnownFileType = text.plist.xml; path = Info.plist; sourceTree = "<group>"; };
		65C9CA7A26024527007F8D14 /* Data.json */ = {isa = PBXFileReference; fileEncoding = 4; lastKnownFileType = text.json; path = Data.json; sourceTree = "<group>"; };
		65C9CA822602452C007F8D14 /* SearchGroupTests.swift */ = {isa = PBXFileReference; fileEncoding = 4; lastKnownFileType = sourcecode.swift; path = SearchGroupTests.swift; sourceTree = "<group>"; };
		65C9CA8A26024533007F8D14 /* SearchResultTests.swift */ = {isa = PBXFileReference; fileEncoding = 4; lastKnownFileType = sourcecode.swift; path = SearchResultTests.swift; sourceTree = "<group>"; };
		65C9CA9226024540007F8D14 /* WebServiceTests.swift */ = {isa = PBXFileReference; fileEncoding = 4; lastKnownFileType = sourcecode.swift; path = WebServiceTests.swift; sourceTree = "<group>"; };
		65C9CAA526024D55007F8D14 /* ThrottlerTests.swift */ = {isa = PBXFileReference; lastKnownFileType = sourcecode.swift; path = ThrottlerTests.swift; sourceTree = "<group>"; };
		65C9CAAA260259B6007F8D14 /* ImageServiceTests.swift */ = {isa = PBXFileReference; lastKnownFileType = sourcecode.swift; path = ImageServiceTests.swift; sourceTree = "<group>"; };
		65FE93472602011B00402D26 /* AccessibilityIdentifiers.swift */ = {isa = PBXFileReference; lastKnownFileType = sourcecode.swift; path = AccessibilityIdentifiers.swift; sourceTree = "<group>"; };
		65FE934F2602023900402D26 /* mvvm-flickr-autolayoutUITests.xctest */ = {isa = PBXFileReference; explicitFileType = wrapper.cfbundle; includeInIndex = 0; path = "mvvm-flickr-autolayoutUITests.xctest"; sourceTree = BUILT_PRODUCTS_DIR; };
		65FE93512602023900402D26 /* mvvm_flickr_autolayoutUITests.swift */ = {isa = PBXFileReference; lastKnownFileType = sourcecode.swift; path = mvvm_flickr_autolayoutUITests.swift; sourceTree = "<group>"; };
		65FE93532602023900402D26 /* Info.plist */ = {isa = PBXFileReference; lastKnownFileType = text.plist.xml; path = Info.plist; sourceTree = "<group>"; };
		666E08BF211016B497995CF8 /* Pods_mvvm_flickr_autolayout.framework */ = {isa = PBXFileReference; explicitFileType = wrapper.framework; includeInIndex = 0; path = Pods_mvvm_flickr_autolayout.framework; sourceTree = BUILT_PRODUCTS_DIR; };
		768BC9403F3FD26F7AC3CAEA /* Pods-mvvm-flickr-autolayout.release.xcconfig */ = {isa = PBXFileReference; includeInIndex = 1; lastKnownFileType = text.xcconfig; name = "Pods-mvvm-flickr-autolayout.release.xcconfig"; path = "Target Support Files/Pods-mvvm-flickr-autolayout/Pods-mvvm-flickr-autolayout.release.xcconfig"; sourceTree = "<group>"; };
		D550358DB3DBF7476C9FA417 /* Pods-mvvm-flickr-autolayout.debug.xcconfig */ = {isa = PBXFileReference; includeInIndex = 1; lastKnownFileType = text.xcconfig; name = "Pods-mvvm-flickr-autolayout.debug.xcconfig"; path = "Target Support Files/Pods-mvvm-flickr-autolayout/Pods-mvvm-flickr-autolayout.debug.xcconfig"; sourceTree = "<group>"; };
/* End PBXFileReference section */

/* Begin PBXFrameworksBuildPhase section */
		6500596D258E1FB400FF6E14 /* Frameworks */ = {
			isa = PBXFrameworksBuildPhase;
			buildActionMask = 2147483647;
			files = (
				FBA634BCD6D77BB59F55A53B /* Pods_mvvm_flickr_autolayout.framework in Frameworks */,
			);
			runOnlyForDeploymentPostprocessing = 0;
		};
		65C9CA6226024468007F8D14 /* Frameworks */ = {
			isa = PBXFrameworksBuildPhase;
			buildActionMask = 2147483647;
			files = (
			);
			runOnlyForDeploymentPostprocessing = 0;
		};
		65FE934C2602023900402D26 /* Frameworks */ = {
			isa = PBXFrameworksBuildPhase;
			buildActionMask = 2147483647;
			files = (
			);
			runOnlyForDeploymentPostprocessing = 0;
		};
/* End PBXFrameworksBuildPhase section */

/* Begin PBXGroup section */
		47C45042222196DAE1AC4AB7 /* Pods */ = {
			isa = PBXGroup;
			children = (
				D550358DB3DBF7476C9FA417 /* Pods-mvvm-flickr-autolayout.debug.xcconfig */,
				768BC9403F3FD26F7AC3CAEA /* Pods-mvvm-flickr-autolayout.release.xcconfig */,
			);
			path = Pods;
			sourceTree = "<group>";
		};
		65005967258E1FB400FF6E14 = {
			isa = PBXGroup;
			children = (
				65005972258E1FB400FF6E14 /* mvvm-flickr-autolayout */,
				65FE93502602023900402D26 /* mvvm-flickr-autolayoutUITests */,
				65C9CA6626024468007F8D14 /* mvvm-flickr-autolayoutTests */,
				65005971258E1FB400FF6E14 /* Products */,
				47C45042222196DAE1AC4AB7 /* Pods */,
				DE3B9BC9F963C7FAA100CF8D /* Frameworks */,
			);
			sourceTree = "<group>";
		};
		65005971258E1FB400FF6E14 /* Products */ = {
			isa = PBXGroup;
			children = (
				65005970258E1FB400FF6E14 /* mvvm-flickr-autolayout.app */,
				65FE934F2602023900402D26 /* mvvm-flickr-autolayoutUITests.xctest */,
				65C9CA6526024468007F8D14 /* mvvm-flickr-autolayoutTests.xctest */,
			);
			name = Products;
			sourceTree = "<group>";
		};
		65005972258E1FB400FF6E14 /* mvvm-flickr-autolayout */ = {
			isa = PBXGroup;
			children = (
				655D665B258F7DB500E6F624 /* Binding */,
				655D664E258EBFA600E6F624 /* Services */,
				655D6630258E45D500E6F624 /* Models */,
				655D662F258E45C700E6F624 /* ViewModels */,
				6500599D258E26C200FF6E14 /* Coordinators */,
				6500599B258E26AD00FF6E14 /* App */,
				6500599A258E265B00FF6E14 /* Views */,
				65005995258E260E00FF6E14 /* Protocols */,
				6500597C258E1FB600FF6E14 /* Assets.xcassets */,
				655D66B4259129EB00E6F624 /* example.gif */,
				655D662B258E40D000E6F624 /* avatar.jpg */,
				6500597E258E1FB600FF6E14 /* LaunchScreen.storyboard */,
				65005981258E1FB600FF6E14 /* Info.plist */,
				655D66AC2590FD8500E6F624 /* README.md */,
			);
			path = "mvvm-flickr-autolayout";
			sourceTree = "<group>";
		};
		65005995258E260E00FF6E14 /* Protocols */ = {
			isa = PBXGroup;
			children = (
				65005997258E264100FF6E14 /* Coordinator.swift */,
			);
			path = Protocols;
			sourceTree = "<group>";
		};
		6500599A258E265B00FF6E14 /* Views */ = {
			isa = PBXGroup;
			children = (
				655D6640258EB2CC00E6F624 /* Search */,
				6500599E258E271C00FF6E14 /* MainTabController.swift */,
				655D663F258EB2C100E6F624 /* Profile */,
			);
			path = Views;
			sourceTree = "<group>";
		};
		6500599B258E26AD00FF6E14 /* App */ = {
			isa = PBXGroup;
			children = (
				65005973258E1FB400FF6E14 /* AppDelegate.swift */,
				65FE93472602011B00402D26 /* AccessibilityIdentifiers.swift */,
			);
			path = App;
			sourceTree = "<group>";
		};
		6500599D258E26C200FF6E14 /* Coordinators */ = {
			isa = PBXGroup;
			children = (
				650059B3258E27EA00FF6E14 /* AppCoordinator.swift */,
				650059A4258E277400FF6E14 /* MainTabCoordinator.swift */,
				650059A7258E27AB00FF6E14 /* SearchCoordinator.swift */,
				650059AA258E27B500FF6E14 /* ProfileCoordinator.swift */,
			);
			path = Coordinators;
			sourceTree = "<group>";
		};
		655D662F258E45C700E6F624 /* ViewModels */ = {
			isa = PBXGroup;
			children = (
				655D6638258E5E3800E6F624 /* SearchListViewModel.swift */,
				655D664B258EBF8100E6F624 /* SearchResultViewModel.swift */,
			);
			path = ViewModels;
			sourceTree = "<group>";
		};
		655D6630258E45D500E6F624 /* Models */ = {
			isa = PBXGroup;
			children = (
				655D6631258E45F000E6F624 /* FlickrPhoto.swift */,
				655D6641258EBC4400E6F624 /* SearchResult.swift */,
				655D6645258EBC4D00E6F624 /* SearchGroup.swift */,
			);
			path = Models;
			sourceTree = "<group>";
		};
		655D663F258EB2C100E6F624 /* Profile */ = {
			isa = PBXGroup;
			children = (
				650059B0258E27CF00FF6E14 /* ProfileViewController.swift */,
			);
			path = Profile;
			sourceTree = "<group>";
		};
		655D6640258EB2CC00E6F624 /* Search */ = {
			isa = PBXGroup;
			children = (
				655D6648258EBE2F00E6F624 /* DetailsViewController.swift */,
				650059AD258E27C400FF6E14 /* SearchViewController.swift */,
				655D663C258EB23C00E6F624 /* FlickrPhotoCell.swift */,
			);
			path = Search;
			sourceTree = "<group>";
		};
		655D664E258EBFA600E6F624 /* Services */ = {
			isa = PBXGroup;
			children = (
				655D664F258EBFDC00E6F624 /* WebService.swift */,
				655D6660258F810A00E6F624 /* Throttler.swift */,
				655D667A258FA7D300E6F624 /* ImageService.swift */,
				655D667D258FA86900E6F624 /* UrlRequest.swift */,
			);
			path = Services;
			sourceTree = "<group>";
		};
		655D665B258F7DB500E6F624 /* Binding */ = {
			isa = PBXGroup;
			children = (
				655D665C258F7DCA00E6F624 /* Dynamic.swift */,
			);
			path = Binding;
			sourceTree = "<group>";
		};
		65C9CA6626024468007F8D14 /* mvvm-flickr-autolayoutTests */ = {
			isa = PBXGroup;
			children = (
				65C9CA792602451B007F8D14 /* Models */,
				65C9CA7826024503007F8D14 /* Services */,
				65C9CA6726024468007F8D14 /* mvvm_flickr_autolayoutTests.swift */,
				65C9CA6926024468007F8D14 /* Info.plist */,
			);
			path = "mvvm-flickr-autolayoutTests";
			sourceTree = "<group>";
		};
		65C9CA7826024503007F8D14 /* Services */ = {
			isa = PBXGroup;
			children = (
				65C9CA9226024540007F8D14 /* WebServiceTests.swift */,
				65C9CAA526024D55007F8D14 /* ThrottlerTests.swift */,
				65C9CAAA260259B6007F8D14 /* ImageServiceTests.swift */,
			);
			path = Services;
			sourceTree = "<group>";
		};
		65C9CA792602451B007F8D14 /* Models */ = {
			isa = PBXGroup;
			children = (
				65C9CA7A26024527007F8D14 /* Data.json */,
				65C9CA822602452C007F8D14 /* SearchGroupTests.swift */,
				65C9CA8A26024533007F8D14 /* SearchResultTests.swift */,
			);
			path = Models;
			sourceTree = "<group>";
		};
		65FE93502602023900402D26 /* mvvm-flickr-autolayoutUITests */ = {
			isa = PBXGroup;
			children = (
				65FE93512602023900402D26 /* mvvm_flickr_autolayoutUITests.swift */,
				65FE93532602023900402D26 /* Info.plist */,
			);
			path = "mvvm-flickr-autolayoutUITests";
			sourceTree = "<group>";
		};
		DE3B9BC9F963C7FAA100CF8D /* Frameworks */ = {
			isa = PBXGroup;
			children = (
				666E08BF211016B497995CF8 /* Pods_mvvm_flickr_autolayout.framework */,
			);
			name = Frameworks;
			sourceTree = "<group>";
		};
/* End PBXGroup section */

/* Begin PBXNativeTarget section */
		6500596F258E1FB400FF6E14 /* mvvm-flickr-autolayout */ = {
			isa = PBXNativeTarget;
			buildConfigurationList = 65005984258E1FB600FF6E14 /* Build configuration list for PBXNativeTarget "mvvm-flickr-autolayout" */;
			buildPhases = (
				497E78EAF9B78FE982DFAF4F /* [CP] Check Pods Manifest.lock */,
				6500596C258E1FB400FF6E14 /* Sources */,
				6500596D258E1FB400FF6E14 /* Frameworks */,
				6500596E258E1FB400FF6E14 /* Resources */,
				7808E14F4A6D9D4DC1A8C1A5 /* [CP] Embed Pods Frameworks */,
			);
			buildRules = (
			);
			dependencies = (
			);
			name = "mvvm-flickr-autolayout";
			productName = "mvvm-flickr-autolayout";
			productReference = 65005970258E1FB400FF6E14 /* mvvm-flickr-autolayout.app */;
			productType = "com.apple.product-type.application";
		};
		65C9CA6426024468007F8D14 /* mvvm-flickr-autolayoutTests */ = {
			isa = PBXNativeTarget;
			buildConfigurationList = 65C9CA6C26024468007F8D14 /* Build configuration list for PBXNativeTarget "mvvm-flickr-autolayoutTests" */;
			buildPhases = (
				65C9CA6126024468007F8D14 /* Sources */,
				65C9CA6226024468007F8D14 /* Frameworks */,
				65C9CA6326024468007F8D14 /* Resources */,
			);
			buildRules = (
			);
			dependencies = (
				65C9CA6B26024468007F8D14 /* PBXTargetDependency */,
			);
			name = "mvvm-flickr-autolayoutTests";
			productName = "mvvm-flickr-autolayoutTests";
			productReference = 65C9CA6526024468007F8D14 /* mvvm-flickr-autolayoutTests.xctest */;
			productType = "com.apple.product-type.bundle.unit-test";
		};
		65FE934E2602023900402D26 /* mvvm-flickr-autolayoutUITests */ = {
			isa = PBXNativeTarget;
			buildConfigurationList = 65FE93562602023900402D26 /* Build configuration list for PBXNativeTarget "mvvm-flickr-autolayoutUITests" */;
			buildPhases = (
				65FE934B2602023900402D26 /* Sources */,
				65FE934C2602023900402D26 /* Frameworks */,
				65FE934D2602023900402D26 /* Resources */,
			);
			buildRules = (
			);
			dependencies = (
				65FE93552602023900402D26 /* PBXTargetDependency */,
			);
			name = "mvvm-flickr-autolayoutUITests";
			productName = "mvvm-flickr-autolayoutUITests";
			productReference = 65FE934F2602023900402D26 /* mvvm-flickr-autolayoutUITests.xctest */;
			productType = "com.apple.product-type.bundle.ui-testing";
		};
/* End PBXNativeTarget section */

/* Begin PBXProject section */
		65005968258E1FB400FF6E14 /* Project object */ = {
			isa = PBXProject;
			attributes = {
				LastSwiftUpdateCheck = 1220;
				LastUpgradeCheck = 1220;
				TargetAttributes = {
					6500596F258E1FB400FF6E14 = {
						CreatedOnToolsVersion = 12.2;
						LastSwiftMigration = 1220;
					};
					65C9CA6426024468007F8D14 = {
						CreatedOnToolsVersion = 12.2;
						TestTargetID = 6500596F258E1FB400FF6E14;
					};
					65FE934E2602023900402D26 = {
						CreatedOnToolsVersion = 12.2;
						TestTargetID = 6500596F258E1FB400FF6E14;
					};
				};
			};
			buildConfigurationList = 6500596B258E1FB400FF6E14 /* Build configuration list for PBXProject "mvvm-flickr-autolayout" */;
			compatibilityVersion = "Xcode 9.3";
			developmentRegion = en;
			hasScannedForEncodings = 0;
			knownRegions = (
				en,
				Base,
			);
			mainGroup = 65005967258E1FB400FF6E14;
			productRefGroup = 65005971258E1FB400FF6E14 /* Products */;
			projectDirPath = "";
			projectRoot = "";
			targets = (
				6500596F258E1FB400FF6E14 /* mvvm-flickr-autolayout */,
				65FE934E2602023900402D26 /* mvvm-flickr-autolayoutUITests */,
				65C9CA6426024468007F8D14 /* mvvm-flickr-autolayoutTests */,
			);
		};
/* End PBXProject section */

/* Begin PBXResourcesBuildPhase section */
		6500596E258E1FB400FF6E14 /* Resources */ = {
			isa = PBXResourcesBuildPhase;
			buildActionMask = 2147483647;
			files = (
				65005980258E1FB600FF6E14 /* LaunchScreen.storyboard in Resources */,
				6500597D258E1FB600FF6E14 /* Assets.xcassets in Resources */,
				655D66AD2590FD8500E6F624 /* README.md in Resources */,
				655D66B5259129EB00E6F624 /* example.gif in Resources */,
				655D662C258E40D000E6F624 /* avatar.jpg in Resources */,
			);
			runOnlyForDeploymentPostprocessing = 0;
		};
		65C9CA6326024468007F8D14 /* Resources */ = {
			isa = PBXResourcesBuildPhase;
			buildActionMask = 2147483647;
			files = (
				65C9CA7B26024527007F8D14 /* Data.json in Resources */,
			);
			runOnlyForDeploymentPostprocessing = 0;
		};
		65FE934D2602023900402D26 /* Resources */ = {
			isa = PBXResourcesBuildPhase;
			buildActionMask = 2147483647;
			files = (
			);
			runOnlyForDeploymentPostprocessing = 0;
		};
/* End PBXResourcesBuildPhase section */

/* Begin PBXShellScriptBuildPhase section */
		497E78EAF9B78FE982DFAF4F /* [CP] Check Pods Manifest.lock */ = {
			isa = PBXShellScriptBuildPhase;
			buildActionMask = 2147483647;
			files = (
			);
			inputFileListPaths = (
			);
			inputPaths = (
				"${PODS_PODFILE_DIR_PATH}/Podfile.lock",
				"${PODS_ROOT}/Manifest.lock",
			);
			name = "[CP] Check Pods Manifest.lock";
			outputFileListPaths = (
			);
			outputPaths = (
				"$(DERIVED_FILE_DIR)/Pods-mvvm-flickr-autolayout-checkManifestLockResult.txt",
			);
			runOnlyForDeploymentPostprocessing = 0;
			shellPath = /bin/sh;
			shellScript = "diff \"${PODS_PODFILE_DIR_PATH}/Podfile.lock\" \"${PODS_ROOT}/Manifest.lock\" > /dev/null\nif [ $? != 0 ] ; then\n    # print error to STDERR\n    echo \"error: The sandbox is not in sync with the Podfile.lock. Run 'pod install' or update your CocoaPods installation.\" >&2\n    exit 1\nfi\n# This output is used by Xcode 'outputs' to avoid re-running this script phase.\necho \"SUCCESS\" > \"${SCRIPT_OUTPUT_FILE_0}\"\n";
			showEnvVarsInLog = 0;
		};
		7808E14F4A6D9D4DC1A8C1A5 /* [CP] Embed Pods Frameworks */ = {
			isa = PBXShellScriptBuildPhase;
			buildActionMask = 2147483647;
			files = (
			);
			inputFileListPaths = (
				"${PODS_ROOT}/Target Support Files/Pods-mvvm-flickr-autolayout/Pods-mvvm-flickr-autolayout-frameworks-${CONFIGURATION}-input-files.xcfilelist",
			);
			name = "[CP] Embed Pods Frameworks";
			outputFileListPaths = (
				"${PODS_ROOT}/Target Support Files/Pods-mvvm-flickr-autolayout/Pods-mvvm-flickr-autolayout-frameworks-${CONFIGURATION}-output-files.xcfilelist",
			);
			runOnlyForDeploymentPostprocessing = 0;
			shellPath = /bin/sh;
			shellScript = "\"${PODS_ROOT}/Target Support Files/Pods-mvvm-flickr-autolayout/Pods-mvvm-flickr-autolayout-frameworks.sh\"\n";
			showEnvVarsInLog = 0;
		};
/* End PBXShellScriptBuildPhase section */

/* Begin PBXSourcesBuildPhase section */
		6500596C258E1FB400FF6E14 /* Sources */ = {
			isa = PBXSourcesBuildPhase;
			buildActionMask = 2147483647;
			files = (
				6500599F258E271C00FF6E14 /* MainTabController.swift in Sources */,
				65FE93482602011B00402D26 /* AccessibilityIdentifiers.swift in Sources */,
				655D667E258FA86900E6F624 /* UrlRequest.swift in Sources */,
				655D6639258E5E3800E6F624 /* SearchListViewModel.swift in Sources */,
				650059AB258E27B500FF6E14 /* ProfileCoordinator.swift in Sources */,
				655D6661258F810A00E6F624 /* Throttler.swift in Sources */,
				650059B4258E27EA00FF6E14 /* AppCoordinator.swift in Sources */,
				655D6650258EBFDC00E6F624 /* WebService.swift in Sources */,
				650059AE258E27C400FF6E14 /* SearchViewController.swift in Sources */,
				655D663D258EB23C00E6F624 /* FlickrPhotoCell.swift in Sources */,
				655D6632258E45F000E6F624 /* FlickrPhoto.swift in Sources */,
				655D664C258EBF8100E6F624 /* SearchResultViewModel.swift in Sources */,
				655D6642258EBC4400E6F624 /* SearchResult.swift in Sources */,
				655D665D258F7DCA00E6F624 /* Dynamic.swift in Sources */,
				65005974258E1FB400FF6E14 /* AppDelegate.swift in Sources */,
				650059A5258E277400FF6E14 /* MainTabCoordinator.swift in Sources */,
				650059B1258E27CF00FF6E14 /* ProfileViewController.swift in Sources */,
				650059A8258E27AB00FF6E14 /* SearchCoordinator.swift in Sources */,
				65005998258E264100FF6E14 /* Coordinator.swift in Sources */,
				655D6646258EBC4D00E6F624 /* SearchGroup.swift in Sources */,
				655D667B258FA7D300E6F624 /* ImageService.swift in Sources */,
				655D6649258EBE2F00E6F624 /* DetailsViewController.swift in Sources */,
			);
			runOnlyForDeploymentPostprocessing = 0;
		};
		65C9CA6126024468007F8D14 /* Sources */ = {
			isa = PBXSourcesBuildPhase;
			buildActionMask = 2147483647;
			files = (
				65C9CA6826024468007F8D14 /* mvvm_flickr_autolayoutTests.swift in Sources */,
				65C9CA832602452C007F8D14 /* SearchGroupTests.swift in Sources */,
				65C9CAA626024D55007F8D14 /* ThrottlerTests.swift in Sources */,
				65C9CA9326024540007F8D14 /* WebServiceTests.swift in Sources */,
				65C9CA8B26024533007F8D14 /* SearchResultTests.swift in Sources */,
				65C9CAAB260259B6007F8D14 /* ImageServiceTests.swift in Sources */,
			);
			runOnlyForDeploymentPostprocessing = 0;
		};
		65FE934B2602023900402D26 /* Sources */ = {
			isa = PBXSourcesBuildPhase;
			buildActionMask = 2147483647;
			files = (
				65FE93522602023900402D26 /* mvvm_flickr_autolayoutUITests.swift in Sources */,
				65FE935B2602034200402D26 /* AccessibilityIdentifiers.swift in Sources */,
			);
			runOnlyForDeploymentPostprocessing = 0;
		};
/* End PBXSourcesBuildPhase section */

/* Begin PBXTargetDependency section */
		65C9CA6B26024468007F8D14 /* PBXTargetDependency */ = {
			isa = PBXTargetDependency;
			target = 6500596F258E1FB400FF6E14 /* mvvm-flickr-autolayout */;
			targetProxy = 65C9CA6A26024468007F8D14 /* PBXContainerItemProxy */;
		};
		65FE93552602023900402D26 /* PBXTargetDependency */ = {
			isa = PBXTargetDependency;
			target = 6500596F258E1FB400FF6E14 /* mvvm-flickr-autolayout */;
			targetProxy = 65FE93542602023900402D26 /* PBXContainerItemProxy */;
		};
/* End PBXTargetDependency section */

/* Begin PBXVariantGroup section */
		6500597E258E1FB600FF6E14 /* LaunchScreen.storyboard */ = {
			isa = PBXVariantGroup;
			children = (
				6500597F258E1FB600FF6E14 /* Base */,
			);
			name = LaunchScreen.storyboard;
			sourceTree = "<group>";
		};
/* End PBXVariantGroup section */

/* Begin XCBuildConfiguration section */
		65005982258E1FB600FF6E14 /* Debug */ = {
			isa = XCBuildConfiguration;
			buildSettings = {
				ALWAYS_SEARCH_USER_PATHS = NO;
				CLANG_ANALYZER_NONNULL = YES;
				CLANG_ANALYZER_NUMBER_OBJECT_CONVERSION = YES_AGGRESSIVE;
				CLANG_CXX_LANGUAGE_STANDARD = "gnu++14";
				CLANG_CXX_LIBRARY = "libc++";
				CLANG_ENABLE_MODULES = YES;
				CLANG_ENABLE_OBJC_ARC = YES;
				CLANG_ENABLE_OBJC_WEAK = YES;
				CLANG_WARN_BLOCK_CAPTURE_AUTORELEASING = YES;
				CLANG_WARN_BOOL_CONVERSION = YES;
				CLANG_WARN_COMMA = YES;
				CLANG_WARN_CONSTANT_CONVERSION = YES;
				CLANG_WARN_DEPRECATED_OBJC_IMPLEMENTATIONS = YES;
				CLANG_WARN_DIRECT_OBJC_ISA_USAGE = YES_ERROR;
				CLANG_WARN_DOCUMENTATION_COMMENTS = YES;
				CLANG_WARN_EMPTY_BODY = YES;
				CLANG_WARN_ENUM_CONVERSION = YES;
				CLANG_WARN_INFINITE_RECURSION = YES;
				CLANG_WARN_INT_CONVERSION = YES;
				CLANG_WARN_NON_LITERAL_NULL_CONVERSION = YES;
				CLANG_WARN_OBJC_IMPLICIT_RETAIN_SELF = YES;
				CLANG_WARN_OBJC_LITERAL_CONVERSION = YES;
				CLANG_WARN_OBJC_ROOT_CLASS = YES_ERROR;
				CLANG_WARN_QUOTED_INCLUDE_IN_FRAMEWORK_HEADER = YES;
				CLANG_WARN_RANGE_LOOP_ANALYSIS = YES;
				CLANG_WARN_STRICT_PROTOTYPES = YES;
				CLANG_WARN_SUSPICIOUS_MOVE = YES;
				CLANG_WARN_UNGUARDED_AVAILABILITY = YES_AGGRESSIVE;
				CLANG_WARN_UNREACHABLE_CODE = YES;
				CLANG_WARN__DUPLICATE_METHOD_MATCH = YES;
				COPY_PHASE_STRIP = NO;
				DEBUG_INFORMATION_FORMAT = dwarf;
				ENABLE_STRICT_OBJC_MSGSEND = YES;
				ENABLE_TESTABILITY = YES;
				GCC_C_LANGUAGE_STANDARD = gnu11;
				GCC_DYNAMIC_NO_PIC = NO;
				GCC_NO_COMMON_BLOCKS = YES;
				GCC_OPTIMIZATION_LEVEL = 0;
				GCC_PREPROCESSOR_DEFINITIONS = (
					"DEBUG=1",
					"$(inherited)",
				);
				GCC_WARN_64_TO_32_BIT_CONVERSION = YES;
				GCC_WARN_ABOUT_RETURN_TYPE = YES_ERROR;
				GCC_WARN_UNDECLARED_SELECTOR = YES;
				GCC_WARN_UNINITIALIZED_AUTOS = YES_AGGRESSIVE;
				GCC_WARN_UNUSED_FUNCTION = YES;
				GCC_WARN_UNUSED_VARIABLE = YES;
				IPHONEOS_DEPLOYMENT_TARGET = 11.0;
				MTL_ENABLE_DEBUG_INFO = INCLUDE_SOURCE;
				MTL_FAST_MATH = YES;
				ONLY_ACTIVE_ARCH = YES;
				SDKROOT = iphoneos;
				SWIFT_ACTIVE_COMPILATION_CONDITIONS = DEBUG;
				SWIFT_OPTIMIZATION_LEVEL = "-Onone";
				SWIFT_VERSION = 4.2;
			};
			name = Debug;
		};
		65005983258E1FB600FF6E14 /* Release */ = {
			isa = XCBuildConfiguration;
			buildSettings = {
				ALWAYS_SEARCH_USER_PATHS = NO;
				CLANG_ANALYZER_NONNULL = YES;
				CLANG_ANALYZER_NUMBER_OBJECT_CONVERSION = YES_AGGRESSIVE;
				CLANG_CXX_LANGUAGE_STANDARD = "gnu++14";
				CLANG_CXX_LIBRARY = "libc++";
				CLANG_ENABLE_MODULES = YES;
				CLANG_ENABLE_OBJC_ARC = YES;
				CLANG_ENABLE_OBJC_WEAK = YES;
				CLANG_WARN_BLOCK_CAPTURE_AUTORELEASING = YES;
				CLANG_WARN_BOOL_CONVERSION = YES;
				CLANG_WARN_COMMA = YES;
				CLANG_WARN_CONSTANT_CONVERSION = YES;
				CLANG_WARN_DEPRECATED_OBJC_IMPLEMENTATIONS = YES;
				CLANG_WARN_DIRECT_OBJC_ISA_USAGE = YES_ERROR;
				CLANG_WARN_DOCUMENTATION_COMMENTS = YES;
				CLANG_WARN_EMPTY_BODY = YES;
				CLANG_WARN_ENUM_CONVERSION = YES;
				CLANG_WARN_INFINITE_RECURSION = YES;
				CLANG_WARN_INT_CONVERSION = YES;
				CLANG_WARN_NON_LITERAL_NULL_CONVERSION = YES;
				CLANG_WARN_OBJC_IMPLICIT_RETAIN_SELF = YES;
				CLANG_WARN_OBJC_LITERAL_CONVERSION = YES;
				CLANG_WARN_OBJC_ROOT_CLASS = YES_ERROR;
				CLANG_WARN_QUOTED_INCLUDE_IN_FRAMEWORK_HEADER = YES;
				CLANG_WARN_RANGE_LOOP_ANALYSIS = YES;
				CLANG_WARN_STRICT_PROTOTYPES = YES;
				CLANG_WARN_SUSPICIOUS_MOVE = YES;
				CLANG_WARN_UNGUARDED_AVAILABILITY = YES_AGGRESSIVE;
				CLANG_WARN_UNREACHABLE_CODE = YES;
				CLANG_WARN__DUPLICATE_METHOD_MATCH = YES;
				COPY_PHASE_STRIP = NO;
				DEBUG_INFORMATION_FORMAT = "dwarf-with-dsym";
				ENABLE_NS_ASSERTIONS = NO;
				ENABLE_STRICT_OBJC_MSGSEND = YES;
				GCC_C_LANGUAGE_STANDARD = gnu11;
				GCC_NO_COMMON_BLOCKS = YES;
				GCC_WARN_64_TO_32_BIT_CONVERSION = YES;
				GCC_WARN_ABOUT_RETURN_TYPE = YES_ERROR;
				GCC_WARN_UNDECLARED_SELECTOR = YES;
				GCC_WARN_UNINITIALIZED_AUTOS = YES_AGGRESSIVE;
				GCC_WARN_UNUSED_FUNCTION = YES;
				GCC_WARN_UNUSED_VARIABLE = YES;
				IPHONEOS_DEPLOYMENT_TARGET = 11.0;
				MTL_ENABLE_DEBUG_INFO = NO;
				MTL_FAST_MATH = YES;
				SDKROOT = iphoneos;
				SWIFT_COMPILATION_MODE = wholemodule;
				SWIFT_OPTIMIZATION_LEVEL = "-O";
				SWIFT_VERSION = 4.2;
				VALIDATE_PRODUCT = YES;
			};
			name = Release;
		};
		65005985258E1FB600FF6E14 /* Debug */ = {
			isa = XCBuildConfiguration;
			baseConfigurationReference = D550358DB3DBF7476C9FA417 /* Pods-mvvm-flickr-autolayout.debug.xcconfig */;
			buildSettings = {
				ASSETCATALOG_COMPILER_APPICON_NAME = AppIcon;
				ASSETCATALOG_COMPILER_GLOBAL_ACCENT_COLOR_NAME = AccentColor;
				CODE_SIGN_STYLE = Automatic;
				DEVELOPMENT_TEAM = KFX2JC7XN5;
				INFOPLIST_FILE = "mvvm-flickr-autolayout/Info.plist";
				IPHONEOS_DEPLOYMENT_TARGET = 11.0;
				LD_RUNPATH_SEARCH_PATHS = (
					"$(inherited)",
					"@executable_path/Frameworks",
				);
				PRODUCT_BUNDLE_IDENTIFIER = "com.dkunin9.mvvm-flickr-autolayout";
				PRODUCT_NAME = "$(TARGET_NAME)";
				SWIFT_VERSION = 4.2;
				TARGETED_DEVICE_FAMILY = "1,2";
			};
			name = Debug;
		};
		65005986258E1FB600FF6E14 /* Release */ = {
			isa = XCBuildConfiguration;
			baseConfigurationReference = 768BC9403F3FD26F7AC3CAEA /* Pods-mvvm-flickr-autolayout.release.xcconfig */;
			buildSettings = {
				ASSETCATALOG_COMPILER_APPICON_NAME = AppIcon;
				ASSETCATALOG_COMPILER_GLOBAL_ACCENT_COLOR_NAME = AccentColor;
				CODE_SIGN_STYLE = Automatic;
				DEVELOPMENT_TEAM = KFX2JC7XN5;
				INFOPLIST_FILE = "mvvm-flickr-autolayout/Info.plist";
				IPHONEOS_DEPLOYMENT_TARGET = 11.0;
				LD_RUNPATH_SEARCH_PATHS = (
					"$(inherited)",
					"@executable_path/Frameworks",
				);
				PRODUCT_BUNDLE_IDENTIFIER = "com.dkunin9.mvvm-flickr-autolayout";
				PRODUCT_NAME = "$(TARGET_NAME)";
				SWIFT_VERSION = 4.2;
				TARGETED_DEVICE_FAMILY = "1,2";
			};
			name = Release;
		};
		65C9CA6D26024468007F8D14 /* Debug */ = {
			isa = XCBuildConfiguration;
			buildSettings = {
				BUNDLE_LOADER = "$(TEST_HOST)";
				CODE_SIGN_STYLE = Automatic;
				DEVELOPMENT_TEAM = KFX2JC7XN5;
				INFOPLIST_FILE = "mvvm-flickr-autolayoutTests/Info.plist";
				IPHONEOS_DEPLOYMENT_TARGET = 11.0;
				LD_RUNPATH_SEARCH_PATHS = (
					"$(inherited)",
					"@executable_path/Frameworks",
					"@loader_path/Frameworks",
				);
				PRODUCT_BUNDLE_IDENTIFIER = "com.dkunin9.mvvm-flickr-autolayoutTests";
				PRODUCT_NAME = "$(TARGET_NAME)";
				SWIFT_VERSION = 4.2;
				TARGETED_DEVICE_FAMILY = "1,2";
				TEST_HOST = "$(BUILT_PRODUCTS_DIR)/mvvm-flickr-autolayout.app/mvvm-flickr-autolayout";
			};
			name = Debug;
		};
		65C9CA6E26024468007F8D14 /* Release */ = {
			isa = XCBuildConfiguration;
			buildSettings = {
				BUNDLE_LOADER = "$(TEST_HOST)";
				CODE_SIGN_STYLE = Automatic;
				DEVELOPMENT_TEAM = KFX2JC7XN5;
				INFOPLIST_FILE = "mvvm-flickr-autolayoutTests/Info.plist";
				IPHONEOS_DEPLOYMENT_TARGET = 11.0;
				LD_RUNPATH_SEARCH_PATHS = (
					"$(inherited)",
					"@executable_path/Frameworks",
					"@loader_path/Frameworks",
				);
				PRODUCT_BUNDLE_IDENTIFIER = "com.dkunin9.mvvm-flickr-autolayoutTests";
				PRODUCT_NAME = "$(TARGET_NAME)";
				SWIFT_VERSION = 4.2;
				TARGETED_DEVICE_FAMILY = "1,2";
				TEST_HOST = "$(BUILT_PRODUCTS_DIR)/mvvm-flickr-autolayout.app/mvvm-flickr-autolayout";
			};
			name = Release;
		};
		65FE93572602023900402D26 /* Debug */ = {
			isa = XCBuildConfiguration;
			buildSettings = {
				CODE_SIGN_STYLE = Automatic;
				DEVELOPMENT_TEAM = KFX2JC7XN5;
				INFOPLIST_FILE = "mvvm-flickr-autolayoutUITests/Info.plist";
				IPHONEOS_DEPLOYMENT_TARGET = 11.0;
				LD_RUNPATH_SEARCH_PATHS = (
					"$(inherited)",
					"@executable_path/Frameworks",
					"@loader_path/Frameworks",
				);
				PRODUCT_BUNDLE_IDENTIFIER = "com.dkunin9.mvvm-flickr-autolayoutUITests";
				PRODUCT_NAME = "$(TARGET_NAME)";
				SWIFT_VERSION = 4.2;
				TARGETED_DEVICE_FAMILY = "1,2";
				TEST_TARGET_NAME = "mvvm-flickr-autolayout";
			};
			name = Debug;
		};
		65FE93582602023900402D26 /* Release */ = {
			isa = XCBuildConfiguration;
			buildSettings = {
				CODE_SIGN_STYLE = Automatic;
				DEVELOPMENT_TEAM = KFX2JC7XN5;
				INFOPLIST_FILE = "mvvm-flickr-autolayoutUITests/Info.plist";
				IPHONEOS_DEPLOYMENT_TARGET = 11.0;
				LD_RUNPATH_SEARCH_PATHS = (
					"$(inherited)",
					"@executable_path/Frameworks",
					"@loader_path/Frameworks",
				);
				PRODUCT_BUNDLE_IDENTIFIER = "com.dkunin9.mvvm-flickr-autolayoutUITests";
				PRODUCT_NAME = "$(TARGET_NAME)";
				SWIFT_VERSION = 4.2;
				TARGETED_DEVICE_FAMILY = "1,2";
				TEST_TARGET_NAME = "mvvm-flickr-autolayout";
			};
			name = Release;
		};
/* End XCBuildConfiguration section */

/* Begin XCConfigurationList section */
		6500596B258E1FB400FF6E14 /* Build configuration list for PBXProject "mvvm-flickr-autolayout" */ = {
			isa = XCConfigurationList;
			buildConfigurations = (
				65005982258E1FB600FF6E14 /* Debug */,
				65005983258E1FB600FF6E14 /* Release */,
			);
			defaultConfigurationIsVisible = 0;
			defaultConfigurationName = Release;
		};
		65005984258E1FB600FF6E14 /* Build configuration list for PBXNativeTarget "mvvm-flickr-autolayout" */ = {
			isa = XCConfigurationList;
			buildConfigurations = (
				65005985258E1FB600FF6E14 /* Debug */,
				65005986258E1FB600FF6E14 /* Release */,
			);
			defaultConfigurationIsVisible = 0;
			defaultConfigurationName = Release;
		};
		65C9CA6C26024468007F8D14 /* Build configuration list for PBXNativeTarget "mvvm-flickr-autolayoutTests" */ = {
			isa = XCConfigurationList;
			buildConfigurations = (
				65C9CA6D26024468007F8D14 /* Debug */,
				65C9CA6E26024468007F8D14 /* Release */,
			);
			defaultConfigurationIsVisible = 0;
			defaultConfigurationName = Release;
		};
		65FE93562602023900402D26 /* Build configuration list for PBXNativeTarget "mvvm-flickr-autolayoutUITests" */ = {
			isa = XCConfigurationList;
			buildConfigurations = (
				65FE93572602023900402D26 /* Debug */,
				65FE93582602023900402D26 /* Release */,
			);
			defaultConfigurationIsVisible = 0;
			defaultConfigurationName = Release;
		};
/* End XCConfigurationList section */
	};
	rootObject = 65005968258E1FB400FF6E14 /* Project object */;
}
